
Microsoft Visual Studio Solution File, Format Version 11.00
# Visual Studio 2010
Project("{FAE04EC0-301F-11D3-BF4B-00C04F79EFBC}") = "PelFireWarden", "PelFireWarden\PelFireWarden.csproj", "{007C5201-2D9C-4FBF-AC48-54603ADCE854}"
EndProject
Global
	GlobalSection(SolutionConfigurationPlatforms) = preSolution
		Debug|Any CPU = Debug|Any CPU
		Release|Any CPU = Release|Any CPU
	EndGlobalSection
	GlobalSection(ProjectConfigurationPlatforms) = postSolution
		{007C5201-2D9C-4FBF-AC48-54603ADCE854}.Debug|Any CPU.ActiveCfg = Debug|Any CPU
		{007C5201-2D9C-4FBF-AC48-54603ADCE854}.Debug|Any CPU.Build.0 = Debug|Any CPU
		{007C5201-2D9C-4FBF-AC48-54603ADCE854}.Release|Any CPU.ActiveCfg = Release|Any CPU
		{007C5201-2D9C-4FBF-AC48-54603ADCE854}.Release|Any CPU.Build.0 = Release|Any CPU
	EndGlobalSection
	GlobalSection(SolutionProperties) = preSolution
		HideSolutionNode = FALSE
	EndGlobalSection
EndGlobal
